
Microsoft Visual Studio Solution File, Format Version 12.00
# Visual Studio 15
VisualStudioVersion = 15.0.27428.2043
MinimumVisualStudioVersion = 10.0.40219.1
Project("{FAE04EC0-301F-11D3-BF4B-00C04F79EFBC}") = "tallyho", "tallyho.csproj", "{F31BA1D7-338A-48D1-852D-F6E55B85A9A6}"
EndProject
Global
	GlobalSection(SolutionConfigurationPlatforms) = preSolution
		Debug|Any CPU = Debug|Any CPU
		Release|Any CPU = Release|Any CPU
	EndGlobalSection
	GlobalSection(ProjectConfigurationPlatforms) = postSolution
		{F31BA1D7-338A-48D1-852D-F6E55B85A9A6}.Debug|Any CPU.ActiveCfg = Debug|Any CPU
		{F31BA1D7-338A-48D1-852D-F6E55B85A9A6}.Debug|Any CPU.Build.0 = Debug|Any CPU
		{F31BA1D7-338A-48D1-852D-F6E55B85A9A6}.Release|Any CPU.ActiveCfg = Release|Any CPU
		{F31BA1D7-338A-48D1-852D-F6E55B85A9A6}.Release|Any CPU.Build.0 = Release|Any CPU
	EndGlobalSection
	GlobalSection(SolutionProperties) = preSolution
		HideSolutionNode = FALSE
	EndGlobalSection
	GlobalSection(ExtensibilityGlobals) = postSolution
		SolutionGuid = {8BC84841-A4A5-4C98-8DB1-7BE9C125F958}
	EndGlobalSection
EndGlobal
